
Microsoft Visual Studio Solution File, Format Version 12.00
# Visual Studio Version 16
VisualStudioVersion = 16.0.30413.136
MinimumVisualStudioVersion = 10.0.40219.1
Project("{FAE04EC0-301F-11D3-BF4B-00C04F79EFBC}") = "second", "second\second.csproj", "{AA0E6EE4-640E-4C24-9375-D70A644C2222}"
EndProject
Global
	GlobalSection(SolutionConfigurationPlatforms) = preSolution
		Debug|Any CPU = Debug|Any CPU
		Release|Any CPU = Release|Any CPU
	EndGlobalSection
	GlobalSection(ProjectConfigurationPlatforms) = postSolution
		{AA0E6EE4-640E-4C24-9375-D70A644C2222}.Debug|Any CPU.ActiveCfg = Debug|Any CPU
		{AA0E6EE4-640E-4C24-9375-D70A644C2222}.Debug|Any CPU.Build.0 = Debug|Any CPU
		{AA0E6EE4-640E-4C24-9375-D70A644C2222}.Release|Any CPU.ActiveCfg = Release|Any CPU
		{AA0E6EE4-640E-4C24-9375-D70A644C2222}.Release|Any CPU.Build.0 = Release|Any CPU
	EndGlobalSection
	GlobalSection(SolutionProperties) = preSolution
		HideSolutionNode = FALSE
	EndGlobalSection
	GlobalSection(ExtensibilityGlobals) = postSolution
		SolutionGuid = {2E58044E-ADB5-4866-A524-718CEC9EC432}
	EndGlobalSection
EndGlobal
